// !$*UTF8*$!
{
	archiveVersion = 1;
	classes = {
	};
	objectVersion = 46;
	objects = {

/* Begin PBXBuildFile section */
		4A3AA45719879F2A00AE3551 /* logo_font.ttf in Resources */ = {isa = PBXBuildFile; fileRef = 4A3AA45619879F2A00AE3551 /* logo_font.ttf */; };
		4A3F753C1986E1C800DDA3B1 /* Foundation.framework in Frameworks */ = {isa = PBXBuildFile; fileRef = 4A3F753B1986E1C800DDA3B1 /* Foundation.framework */; };
		4A3F753E1986E1C800DDA3B1 /* CoreGraphics.framework in Frameworks */ = {isa = PBXBuildFile; fileRef = 4A3F753D1986E1C800DDA3B1 /* CoreGraphics.framework */; };
		4A3F75401986E1C800DDA3B1 /* UIKit.framework in Frameworks */ = {isa = PBXBuildFile; fileRef = 4A3F753F1986E1C800DDA3B1 /* UIKit.framework */; };
		4A3F75461986E1C800DDA3B1 /* InfoPlist.strings in Resources */ = {isa = PBXBuildFile; fileRef = 4A3F75441986E1C800DDA3B1 /* InfoPlist.strings */; };
		4A3F75481986E1C800DDA3B1 /* main.m in Sources */ = {isa = PBXBuildFile; fileRef = 4A3F75471986E1C800DDA3B1 /* main.m */; };
		4A3F754C1986E1C800DDA3B1 /* AppDelegate.m in Sources */ = {isa = PBXBuildFile; fileRef = 4A3F754B1986E1C800DDA3B1 /* AppDelegate.m */; };
		4A3F754F1986E1C800DDA3B1 /* Main.storyboard in Resources */ = {isa = PBXBuildFile; fileRef = 4A3F754D1986E1C800DDA3B1 /* Main.storyboard */; };
		4A3F75521986E1C800DDA3B1 /* ViewController.m in Sources */ = {isa = PBXBuildFile; fileRef = 4A3F75511986E1C800DDA3B1 /* ViewController.m */; };
		4A3F75541986E1C800DDA3B1 /* Images.xcassets in Resources */ = {isa = PBXBuildFile; fileRef = 4A3F75531986E1C800DDA3B1 /* Images.xcassets */; };
		4A3F755B1986E1C800DDA3B1 /* XCTest.framework in Frameworks */ = {isa = PBXBuildFile; fileRef = 4A3F755A1986E1C800DDA3B1 /* XCTest.framework */; };
		4A3F755C1986E1C800DDA3B1 /* Foundation.framework in Frameworks */ = {isa = PBXBuildFile; fileRef = 4A3F753B1986E1C800DDA3B1 /* Foundation.framework */; };
		4A3F755D1986E1C800DDA3B1 /* UIKit.framework in Frameworks */ = {isa = PBXBuildFile; fileRef = 4A3F753F1986E1C800DDA3B1 /* UIKit.framework */; };
		4A3F75651986E1C800DDA3B1 /* InfoPlist.strings in Resources */ = {isa = PBXBuildFile; fileRef = 4A3F75631986E1C800DDA3B1 /* InfoPlist.strings */; };
		4A3F75671986E1C800DDA3B1 /* ffitnessTests.m in Sources */ = {isa = PBXBuildFile; fileRef = 4A3F75661986E1C800DDA3B1 /* ffitnessTests.m */; };
		4A3F75721986E45200DDA3B1 /* API.m in Sources */ = {isa = PBXBuildFile; fileRef = 4A3F75711986E45200DDA3B1 /* API.m */; };
		4A4B554C1986FCD00071B182 /* libxml2.2.dylib in Frameworks */ = {isa = PBXBuildFile; fileRef = 4A4B554B1986FCD00071B182 /* libxml2.2.dylib */; };
		4A4B555119870BDF0071B182 /* ScannerViewController.m in Sources */ = {isa = PBXBuildFile; fileRef = 4A4B554E19870BDF0071B182 /* ScannerViewController.m */; };
		4A4B555219870BDF0071B182 /* SettingsViewController.m in Sources */ = {isa = PBXBuildFile; fileRef = 4A4B555019870BDF0071B182 /* SettingsViewController.m */; };
		4A4B555619870BE80071B182 /* Barcode.m in Sources */ = {isa = PBXBuildFile; fileRef = 4A4B555519870BE80071B182 /* Barcode.m */; };
		4A4B555819870BF40071B182 /* AVFoundation.framework in Frameworks */ = {isa = PBXBuildFile; fileRef = 4A4B555719870BF40071B182 /* AVFoundation.framework */; };
		4A4B555A19870BFD0071B182 /* QuartzCore.framework in Frameworks */ = {isa = PBXBuildFile; fileRef = 4A4B555919870BFD0071B182 /* QuartzCore.framework */; };
		4A4B555D198716FD0071B182 /* TableViewController.m in Sources */ = {isa = PBXBuildFile; fileRef = 4A4B555C198716FD0071B182 /* TableViewController.m */; };
		4A5474A1198AF4B900E13A4B /* EventKit.framework in Frameworks */ = {isa = PBXBuildFile; fileRef = 4A5474A0198AF4B900E13A4B /* EventKit.framework */; };
		4A859E451989AFA200A985A0 /* MessageUI.framework in Frameworks */ = {isa = PBXBuildFile; fileRef = 4A859E441989AFA200A985A0 /* MessageUI.framework */; };
		4AC2171E199C087B006E0D7A /* Localizable.strings in Resources */ = {isa = PBXBuildFile; fileRef = 4AC21720199C087B006E0D7A /* Localizable.strings */; };
		75BFF4B041DC4B659C773A9A /* libPods-fortfitness.a in Frameworks */ = {isa = PBXBuildFile; fileRef = 3C12F78267994F2FA762A378 /* libPods-fortfitness.a */; };
/* End PBXBuildFile section */

/* Begin PBXContainerItemProxy section */
		4A3F755E1986E1C800DDA3B1 /* PBXContainerItemProxy */ = {
			isa = PBXContainerItemProxy;
			containerPortal = 4A3F75301986E1C800DDA3B1 /* Project object */;
			proxyType = 1;
			remoteGlobalIDString = 4A3F75371986E1C800DDA3B1;
			remoteInfo = ffitness;
		};
/* End PBXContainerItemProxy section */

/* Begin PBXFileReference section */
		01BD73191BC0448AA6CD9C24 /* libPods-ffitness.a */ = {isa = PBXFileReference; explicitFileType = archive.ar; includeInIndex = 0; path = "libPods-ffitness.a"; sourceTree = BUILT_PRODUCTS_DIR; };
		2C40684275874A4AB0F23F82 /* Pods-fortfitness.xcconfig */ = {isa = PBXFileReference; includeInIndex = 1; lastKnownFileType = text.xcconfig; name = "Pods-fortfitness.xcconfig"; path = "Pods/Pods-fortfitness.xcconfig"; sourceTree = "<group>"; };
		3C12F78267994F2FA762A378 /* libPods-fortfitness.a */ = {isa = PBXFileReference; explicitFileType = archive.ar; includeInIndex = 0; path = "libPods-fortfitness.a"; sourceTree = BUILT_PRODUCTS_DIR; };
		4A3AA45619879F2A00AE3551 /* logo_font.ttf */ = {isa = PBXFileReference; lastKnownFileType = file; path = logo_font.ttf; sourceTree = "<group>"; };
		4A3F75381986E1C800DDA3B1 /* fortfitness.app */ = {isa = PBXFileReference; explicitFileType = wrapper.application; includeInIndex = 0; path = fortfitness.app; sourceTree = BUILT_PRODUCTS_DIR; };
		4A3F753B1986E1C800DDA3B1 /* Foundation.framework */ = {isa = PBXFileReference; lastKnownFileType = wrapper.framework; name = Foundation.framework; path = System/Library/Frameworks/Foundation.framework; sourceTree = SDKROOT; };
		4A3F753D1986E1C800DDA3B1 /* CoreGraphics.framework */ = {isa = PBXFileReference; lastKnownFileType = wrapper.framework; name = CoreGraphics.framework; path = System/Library/Frameworks/CoreGraphics.framework; sourceTree = SDKROOT; };
		4A3F753F1986E1C800DDA3B1 /* UIKit.framework */ = {isa = PBXFileReference; lastKnownFileType = wrapper.framework; name = UIKit.framework; path = System/Library/Frameworks/UIKit.framework; sourceTree = SDKROOT; };
		4A3F75431986E1C800DDA3B1 /* fortfitness-Info.plist */ = {isa = PBXFileReference; lastKnownFileType = text.plist.xml; path = "fortfitness-Info.plist"; sourceTree = "<group>"; };
		4A3F75451986E1C800DDA3B1 /* en */ = {isa = PBXFileReference; lastKnownFileType = text.plist.strings; name = en; path = en.lproj/InfoPlist.strings; sourceTree = "<group>"; };
		4A3F75471986E1C800DDA3B1 /* main.m */ = {isa = PBXFileReference; lastKnownFileType = sourcecode.c.objc; path = main.m; sourceTree = "<group>"; };
		4A3F75491986E1C800DDA3B1 /* fortfitness-Prefix.pch */ = {isa = PBXFileReference; lastKnownFileType = sourcecode.c.h; path = "fortfitness-Prefix.pch"; sourceTree = "<group>"; };
		4A3F754A1986E1C800DDA3B1 /* AppDelegate.h */ = {isa = PBXFileReference; lastKnownFileType = sourcecode.c.h; path = AppDelegate.h; sourceTree = "<group>"; };
		4A3F754B1986E1C800DDA3B1 /* AppDelegate.m */ = {isa = PBXFileReference; lastKnownFileType = sourcecode.c.objc; path = AppDelegate.m; sourceTree = "<group>"; };
		4A3F754E1986E1C800DDA3B1 /* Base */ = {isa = PBXFileReference; lastKnownFileType = file.storyboard; name = Base; path = Base.lproj/Main.storyboard; sourceTree = "<group>"; };
		4A3F75501986E1C800DDA3B1 /* ViewController.h */ = {isa = PBXFileReference; lastKnownFileType = sourcecode.c.h; path = ViewController.h; sourceTree = "<group>"; };
		4A3F75511986E1C800DDA3B1 /* ViewController.m */ = {isa = PBXFileReference; lastKnownFileType = sourcecode.c.objc; path = ViewController.m; sourceTree = "<group>"; };
		4A3F75531986E1C800DDA3B1 /* Images.xcassets */ = {isa = PBXFileReference; lastKnownFileType = folder.assetcatalog; path = Images.xcassets; sourceTree = "<group>"; };
		4A3F75591986E1C800DDA3B1 /* fortfitnessTests.xctest */ = {isa = PBXFileReference; explicitFileType = wrapper.cfbundle; includeInIndex = 0; path = fortfitnessTests.xctest; sourceTree = BUILT_PRODUCTS_DIR; };
		4A3F755A1986E1C800DDA3B1 /* XCTest.framework */ = {isa = PBXFileReference; lastKnownFileType = wrapper.framework; name = XCTest.framework; path = Library/Frameworks/XCTest.framework; sourceTree = DEVELOPER_DIR; };
		4A3F75621986E1C800DDA3B1 /* fortfitnessTests-Info.plist */ = {isa = PBXFileReference; lastKnownFileType = text.plist.xml; path = "fortfitnessTests-Info.plist"; sourceTree = "<group>"; };
		4A3F75641986E1C800DDA3B1 /* en */ = {isa = PBXFileReference; lastKnownFileType = text.plist.strings; name = en; path = en.lproj/InfoPlist.strings; sourceTree = "<group>"; };
		4A3F75661986E1C800DDA3B1 /* ffitnessTests.m */ = {isa = PBXFileReference; lastKnownFileType = sourcecode.c.objc; path = ffitnessTests.m; sourceTree = "<group>"; };
		4A3F75701986E45200DDA3B1 /* API.h */ = {isa = PBXFileReference; fileEncoding = 4; lastKnownFileType = sourcecode.c.h; path = API.h; sourceTree = "<group>"; };
		4A3F75711986E45200DDA3B1 /* API.m */ = {isa = PBXFileReference; fileEncoding = 4; lastKnownFileType = sourcecode.c.objc; path = API.m; sourceTree = "<group>"; };
		4A4B554A1986E91A0071B182 /* macro.h */ = {isa = PBXFileReference; fileEncoding = 4; lastKnownFileType = sourcecode.c.h; path = macro.h; sourceTree = "<group>"; };
		4A4B554B1986FCD00071B182 /* libxml2.2.dylib */ = {isa = PBXFileReference; lastKnownFileType = "compiled.mach-o.dylib"; name = libxml2.2.dylib; path = usr/lib/libxml2.2.dylib; sourceTree = SDKROOT; };
		4A4B554D19870BDF0071B182 /* ScannerViewController.h */ = {isa = PBXFileReference; fileEncoding = 4; lastKnownFileType = sourcecode.c.h; path = ScannerViewController.h; sourceTree = "<group>"; };
		4A4B554E19870BDF0071B182 /* ScannerViewController.m */ = {isa = PBXFileReference; fileEncoding = 4; lastKnownFileType = sourcecode.c.objc; path = ScannerViewController.m; sourceTree = "<group>"; };
		4A4B554F19870BDF0071B182 /* SettingsViewController.h */ = {isa = PBXFileReference; fileEncoding = 4; lastKnownFileType = sourcecode.c.h; path = SettingsViewController.h; sourceTree = "<group>"; };
		4A4B555019870BDF0071B182 /* SettingsViewController.m */ = {isa = PBXFileReference; fileEncoding = 4; lastKnownFileType = sourcecode.c.objc; path = SettingsViewController.m; sourceTree = "<group>"; };
		4A4B555419870BE80071B182 /* Barcode.h */ = {isa = PBXFileReference; fileEncoding = 4; lastKnownFileType = sourcecode.c.h; path = Barcode.h; sourceTree = "<group>"; };
		4A4B555519870BE80071B182 /* Barcode.m */ = {isa = PBXFileReference; fileEncoding = 4; lastKnownFileType = sourcecode.c.objc; path = Barcode.m; sourceTree = "<group>"; };
		4A4B555719870BF40071B182 /* AVFoundation.framework */ = {isa = PBXFileReference; lastKnownFileType = wrapper.framework; name = AVFoundation.framework; path = System/Library/Frameworks/AVFoundation.framework; sourceTree = SDKROOT; };
		4A4B555919870BFD0071B182 /* QuartzCore.framework */ = {isa = PBXFileReference; lastKnownFileType = wrapper.framework; name = QuartzCore.framework; path = System/Library/Frameworks/QuartzCore.framework; sourceTree = SDKROOT; };
		4A4B555B198716FD0071B182 /* TableViewController.h */ = {isa = PBXFileReference; fileEncoding = 4; lastKnownFileType = sourcecode.c.h; path = TableViewController.h; sourceTree = "<group>"; };
		4A4B555C198716FD0071B182 /* TableViewController.m */ = {isa = PBXFileReference; fileEncoding = 4; lastKnownFileType = sourcecode.c.objc; path = TableViewController.m; sourceTree = "<group>"; };
		4A5474A0198AF4B900E13A4B /* EventKit.framework */ = {isa = PBXFileReference; lastKnownFileType = wrapper.framework; name = EventKit.framework; path = System/Library/Frameworks/EventKit.framework; sourceTree = SDKROOT; };
		4A859E441989AFA200A985A0 /* MessageUI.framework */ = {isa = PBXFileReference; lastKnownFileType = wrapper.framework; name = MessageUI.framework; path = System/Library/Frameworks/MessageUI.framework; sourceTree = SDKROOT; };
		4AC21718199C0579006E0D7A /* ru */ = {isa = PBXFileReference; lastKnownFileType = text.plist.strings; name = ru; path = ru.lproj/Main.strings; sourceTree = "<group>"; };
		4AC21719199C0579006E0D7A /* ru */ = {isa = PBXFileReference; lastKnownFileType = text.plist.strings; name = ru; path = ru.lproj/InfoPlist.strings; sourceTree = "<group>"; };
		4AC2171A199C0579006E0D7A /* ru */ = {isa = PBXFileReference; lastKnownFileType = text.plist.strings; name = ru; path = ru.lproj/InfoPlist.strings; sourceTree = "<group>"; };
		4AC2171B199C0594006E0D7A /* uk */ = {isa = PBXFileReference; lastKnownFileType = text.plist.strings; name = uk; path = uk.lproj/Main.strings; sourceTree = "<group>"; };
		4AC2171C199C0594006E0D7A /* uk */ = {isa = PBXFileReference; lastKnownFileType = text.plist.strings; name = uk; path = uk.lproj/InfoPlist.strings; sourceTree = "<group>"; };
		4AC2171D199C0594006E0D7A /* uk */ = {isa = PBXFileReference; lastKnownFileType = text.plist.strings; name = uk; path = uk.lproj/InfoPlist.strings; sourceTree = "<group>"; };
		4AC2171F199C087B006E0D7A /* en */ = {isa = PBXFileReference; lastKnownFileType = text.plist.strings; name = en; path = en.lproj/Localizable.strings; sourceTree = "<group>"; };
		4AC21721199C087D006E0D7A /* ru */ = {isa = PBXFileReference; lastKnownFileType = text.plist.strings; name = ru; path = ru.lproj/Localizable.strings; sourceTree = "<group>"; };
		4AC21722199C087D006E0D7A /* uk */ = {isa = PBXFileReference; lastKnownFileType = text.plist.strings; name = uk; path = uk.lproj/Localizable.strings; sourceTree = "<group>"; };
/* End PBXFileReference section */

/* Begin PBXFrameworksBuildPhase section */
		4A3F75351986E1C800DDA3B1 /* Frameworks */ = {
			isa = PBXFrameworksBuildPhase;
			buildActionMask = 2147483647;
			files = (
				4A5474A1198AF4B900E13A4B /* EventKit.framework in Frameworks */,
				4A859E451989AFA200A985A0 /* MessageUI.framework in Frameworks */,
				4A4B555A19870BFD0071B182 /* QuartzCore.framework in Frameworks */,
				4A4B555819870BF40071B182 /* AVFoundation.framework in Frameworks */,
				4A4B554C1986FCD00071B182 /* libxml2.2.dylib in Frameworks */,
				4A3F753E1986E1C800DDA3B1 /* CoreGraphics.framework in Frameworks */,
				4A3F75401986E1C800DDA3B1 /* UIKit.framework in Frameworks */,
				4A3F753C1986E1C800DDA3B1 /* Foundation.framework in Frameworks */,
				75BFF4B041DC4B659C773A9A /* libPods-fortfitness.a in Frameworks */,
			);
			runOnlyForDeploymentPostprocessing = 0;
		};
		4A3F75561986E1C800DDA3B1 /* Frameworks */ = {
			isa = PBXFrameworksBuildPhase;
			buildActionMask = 2147483647;
			files = (
				4A3F755B1986E1C800DDA3B1 /* XCTest.framework in Frameworks */,
				4A3F755D1986E1C800DDA3B1 /* UIKit.framework in Frameworks */,
				4A3F755C1986E1C800DDA3B1 /* Foundation.framework in Frameworks */,
			);
			runOnlyForDeploymentPostprocessing = 0;
		};
/* End PBXFrameworksBuildPhase section */

/* Begin PBXGroup section */
		4A3F752F1986E1C800DDA3B1 = {
			isa = PBXGroup;
			children = (
				4A3F75411986E1C800DDA3B1 /* ffitness */,
				4A3F75601986E1C800DDA3B1 /* ffitnessTests */,
				4A3F753A1986E1C800DDA3B1 /* Frameworks */,
				4A3F75391986E1C800DDA3B1 /* Products */,
				2C40684275874A4AB0F23F82 /* Pods-fortfitness.xcconfig */,
			);
			sourceTree = "<group>";
		};
		4A3F75391986E1C800DDA3B1 /* Products */ = {
			isa = PBXGroup;
			children = (
				4A3F75381986E1C800DDA3B1 /* fortfitness.app */,
				4A3F75591986E1C800DDA3B1 /* fortfitnessTests.xctest */,
			);
			name = Products;
			sourceTree = "<group>";
		};
		4A3F753A1986E1C800DDA3B1 /* Frameworks */ = {
			isa = PBXGroup;
			children = (
				4A5474A0198AF4B900E13A4B /* EventKit.framework */,
				4A859E441989AFA200A985A0 /* MessageUI.framework */,
				4A4B555919870BFD0071B182 /* QuartzCore.framework */,
				4A4B555719870BF40071B182 /* AVFoundation.framework */,
				4A4B554B1986FCD00071B182 /* libxml2.2.dylib */,
				4A3F753B1986E1C800DDA3B1 /* Foundation.framework */,
				4A3F753D1986E1C800DDA3B1 /* CoreGraphics.framework */,
				4A3F753F1986E1C800DDA3B1 /* UIKit.framework */,
				4A3F755A1986E1C800DDA3B1 /* XCTest.framework */,
				01BD73191BC0448AA6CD9C24 /* libPods-ffitness.a */,
				3C12F78267994F2FA762A378 /* libPods-fortfitness.a */,
			);
			name = Frameworks;
			sourceTree = "<group>";
		};
		4A3F75411986E1C800DDA3B1 /* ffitness */ = {
			isa = PBXGroup;
			children = (
				4A3F75701986E45200DDA3B1 /* API.h */,
				4A3F75711986E45200DDA3B1 /* API.m */,
				4A3F754A1986E1C800DDA3B1 /* AppDelegate.h */,
				4A3F754B1986E1C800DDA3B1 /* AppDelegate.m */,
				4A3F75531986E1C800DDA3B1 /* Images.xcassets */,
				4A4B554A1986E91A0071B182 /* macro.h */,
				4A3F754D1986E1C800DDA3B1 /* Main.storyboard */,
				4A4B555319870BE80071B182 /* Model */,
				4A4B554D19870BDF0071B182 /* ScannerViewController.h */,
				4A4B554E19870BDF0071B182 /* ScannerViewController.m */,
				4A4B554F19870BDF0071B182 /* SettingsViewController.h */,
				4A4B555019870BDF0071B182 /* SettingsViewController.m */,
				4A3F75421986E1C800DDA3B1 /* Supporting Files */,
				4A4B555B198716FD0071B182 /* TableViewController.h */,
				4A4B555C198716FD0071B182 /* TableViewController.m */,
				4A3F75501986E1C800DDA3B1 /* ViewController.h */,
				4A3F75511986E1C800DDA3B1 /* ViewController.m */,
			);
			path = ffitness;
			sourceTree = "<group>";
		};
		4A3F75421986E1C800DDA3B1 /* Supporting Files */ = {
			isa = PBXGroup;
			children = (
				4A3AA45619879F2A00AE3551 /* logo_font.ttf */,
				4A3F75431986E1C800DDA3B1 /* fortfitness-Info.plist */,
				4A3F75441986E1C800DDA3B1 /* InfoPlist.strings */,
				4A3F75471986E1C800DDA3B1 /* main.m */,
				4A3F75491986E1C800DDA3B1 /* fortfitness-Prefix.pch */,
				4AC21720199C087B006E0D7A /* Localizable.strings */,
			);
			name = "Supporting Files";
			sourceTree = "<group>";
		};
		4A3F75601986E1C800DDA3B1 /* ffitnessTests */ = {
			isa = PBXGroup;
			children = (
				4A3F75661986E1C800DDA3B1 /* ffitnessTests.m */,
				4A3F75611986E1C800DDA3B1 /* Supporting Files */,
			);
			path = ffitnessTests;
			sourceTree = "<group>";
		};
		4A3F75611986E1C800DDA3B1 /* Supporting Files */ = {
			isa = PBXGroup;
			children = (
				4A3F75621986E1C800DDA3B1 /* fortfitnessTests-Info.plist */,
				4A3F75631986E1C800DDA3B1 /* InfoPlist.strings */,
			);
			name = "Supporting Files";
			sourceTree = "<group>";
		};
		4A4B555319870BE80071B182 /* Model */ = {
			isa = PBXGroup;
			children = (
				4A4B555419870BE80071B182 /* Barcode.h */,
				4A4B555519870BE80071B182 /* Barcode.m */,
			);
			path = Model;
			sourceTree = "<group>";
		};
/* End PBXGroup section */

/* Begin PBXNativeTarget section */
		4A3F75371986E1C800DDA3B1 /* fortfitness */ = {
			isa = PBXNativeTarget;
			buildConfigurationList = 4A3F756A1986E1C800DDA3B1 /* Build configuration list for PBXNativeTarget "fortfitness" */;
			buildPhases = (
				9FB01F17AE3C4C85BB766046 /* Check Pods Manifest.lock */,
				4A3F75341986E1C800DDA3B1 /* Sources */,
				4A3F75351986E1C800DDA3B1 /* Frameworks */,
				4A3F75361986E1C800DDA3B1 /* Resources */,
				BBCBDB3270644D82B4C323EF /* Copy Pods Resources */,
			);
			buildRules = (
			);
			dependencies = (
			);
			name = fortfitness;
			productName = ffitness;
			productReference = 4A3F75381986E1C800DDA3B1 /* fortfitness.app */;
			productType = "com.apple.product-type.application";
		};
		4A3F75581986E1C800DDA3B1 /* fortfitnessTests */ = {
			isa = PBXNativeTarget;
			buildConfigurationList = 4A3F756D1986E1C800DDA3B1 /* Build configuration list for PBXNativeTarget "fortfitnessTests" */;
			buildPhases = (
				4A3F75551986E1C800DDA3B1 /* Sources */,
				4A3F75561986E1C800DDA3B1 /* Frameworks */,
				4A3F75571986E1C800DDA3B1 /* Resources */,
			);
			buildRules = (
			);
			dependencies = (
				4A3F755F1986E1C800DDA3B1 /* PBXTargetDependency */,
			);
			name = fortfitnessTests;
			productName = ffitnessTests;
			productReference = 4A3F75591986E1C800DDA3B1 /* fortfitnessTests.xctest */;
			productType = "com.apple.product-type.bundle.unit-test";
		};
/* End PBXNativeTarget section */

/* Begin PBXProject section */
		4A3F75301986E1C800DDA3B1 /* Project object */ = {
			isa = PBXProject;
			attributes = {
				LastUpgradeCheck = 0510;
				ORGANIZATIONNAME = AndruX;
				TargetAttributes = {
					4A3F75371986E1C800DDA3B1 = {
						DevelopmentTeam = BE4464H94U;
						SystemCapabilities = {
							com.apple.BackgroundModes = {
								enabled = 1;
							};
						};
					};
					4A3F75581986E1C800DDA3B1 = {
						TestTargetID = 4A3F75371986E1C800DDA3B1;
					};
				};
			};
			buildConfigurationList = 4A3F75331986E1C800DDA3B1 /* Build configuration list for PBXProject "fortfitness" */;
			compatibilityVersion = "Xcode 3.2";
			developmentRegion = English;
			hasScannedForEncodings = 0;
			knownRegions = (
				en,
				Base,
				ru,
				uk,
			);
			mainGroup = 4A3F752F1986E1C800DDA3B1;
			productRefGroup = 4A3F75391986E1C800DDA3B1 /* Products */;
			projectDirPath = "";
			projectRoot = "";
			targets = (
				4A3F75371986E1C800DDA3B1 /* fortfitness */,
				4A3F75581986E1C800DDA3B1 /* fortfitnessTests */,
			);
		};
/* End PBXProject section */

/* Begin PBXResourcesBuildPhase section */
		4A3F75361986E1C800DDA3B1 /* Resources */ = {
			isa = PBXResourcesBuildPhase;
			buildActionMask = 2147483647;
			files = (
				4AC2171E199C087B006E0D7A /* Localizable.strings in Resources */,
				4A3AA45719879F2A00AE3551 /* logo_font.ttf in Resources */,
				4A3F75541986E1C800DDA3B1 /* Images.xcassets in Resources */,
				4A3F75461986E1C800DDA3B1 /* InfoPlist.strings in Resources */,
				4A3F754F1986E1C800DDA3B1 /* Main.storyboard in Resources */,
			);
			runOnlyForDeploymentPostprocessing = 0;
		};
		4A3F75571986E1C800DDA3B1 /* Resources */ = {
			isa = PBXResourcesBuildPhase;
			buildActionMask = 2147483647;
			files = (
				4A3F75651986E1C800DDA3B1 /* InfoPlist.strings in Resources */,
			);
			runOnlyForDeploymentPostprocessing = 0;
		};
/* End PBXResourcesBuildPhase section */

/* Begin PBXShellScriptBuildPhase section */
		9FB01F17AE3C4C85BB766046 /* Check Pods Manifest.lock */ = {
			isa = PBXShellScriptBuildPhase;
			buildActionMask = 2147483647;
			files = (
			);
			inputPaths = (
			);
			name = "Check Pods Manifest.lock";
			outputPaths = (
			);
			runOnlyForDeploymentPostprocessing = 0;
			shellPath = /bin/sh;
			shellScript = "diff \"${PODS_ROOT}/../Podfile.lock\" \"${PODS_ROOT}/Manifest.lock\" > /dev/null\nif [[ $? != 0 ]] ; then\n    cat << EOM\nerror: The sandbox is not in sync with the Podfile.lock. Run 'pod install' or update your CocoaPods installation.\nEOM\n    exit 1\nfi\n";
			showEnvVarsInLog = 0;
		};
		BBCBDB3270644D82B4C323EF /* Copy Pods Resources */ = {
			isa = PBXShellScriptBuildPhase;
			buildActionMask = 2147483647;
			files = (
			);
			inputPaths = (
			);
			name = "Copy Pods Resources";
			outputPaths = (
			);
			runOnlyForDeploymentPostprocessing = 0;
			shellPath = /bin/sh;
			shellScript = "\"${SRCROOT}/Pods/Pods-fortfitness-resources.sh\"\n";
			showEnvVarsInLog = 0;
		};
/* End PBXShellScriptBuildPhase section */

/* Begin PBXSourcesBuildPhase section */
		4A3F75341986E1C800DDA3B1 /* Sources */ = {
			isa = PBXSourcesBuildPhase;
			buildActionMask = 2147483647;
			files = (
				4A3F75521986E1C800DDA3B1 /* ViewController.m in Sources */,
				4A3F754C1986E1C800DDA3B1 /* AppDelegate.m in Sources */,
				4A4B555619870BE80071B182 /* Barcode.m in Sources */,
				4A3F75721986E45200DDA3B1 /* API.m in Sources */,
				4A4B555219870BDF0071B182 /* SettingsViewController.m in Sources */,
				4A3F75481986E1C800DDA3B1 /* main.m in Sources */,
				4A4B555119870BDF0071B182 /* ScannerViewController.m in Sources */,
				4A4B555D198716FD0071B182 /* TableViewController.m in Sources */,
			);
			runOnlyForDeploymentPostprocessing = 0;
		};
		4A3F75551986E1C800DDA3B1 /* Sources */ = {
			isa = PBXSourcesBuildPhase;
			buildActionMask = 2147483647;
			files = (
				4A3F75671986E1C800DDA3B1 /* ffitnessTests.m in Sources */,
			);
			runOnlyForDeploymentPostprocessing = 0;
		};
/* End PBXSourcesBuildPhase section */

/* Begin PBXTargetDependency section */
		4A3F755F1986E1C800DDA3B1 /* PBXTargetDependency */ = {
			isa = PBXTargetDependency;
			target = 4A3F75371986E1C800DDA3B1 /* fortfitness */;
			targetProxy = 4A3F755E1986E1C800DDA3B1 /* PBXContainerItemProxy */;
		};
/* End PBXTargetDependency section */

/* Begin PBXVariantGroup section */
		4A3F75441986E1C800DDA3B1 /* InfoPlist.strings */ = {
			isa = PBXVariantGroup;
			children = (
				4A3F75451986E1C800DDA3B1 /* en */,
				4AC21719199C0579006E0D7A /* ru */,
				4AC2171C199C0594006E0D7A /* uk */,
			);
			name = InfoPlist.strings;
			sourceTree = "<group>";
		};
		4A3F754D1986E1C800DDA3B1 /* Main.storyboard */ = {
			isa = PBXVariantGroup;
			children = (
				4A3F754E1986E1C800DDA3B1 /* Base */,
				4AC21718199C0579006E0D7A /* ru */,
				4AC2171B199C0594006E0D7A /* uk */,
			);
			name = Main.storyboard;
			sourceTree = "<group>";
		};
		4A3F75631986E1C800DDA3B1 /* InfoPlist.strings */ = {
			isa = PBXVariantGroup;
			children = (
				4A3F75641986E1C800DDA3B1 /* en */,
				4AC2171A199C0579006E0D7A /* ru */,
				4AC2171D199C0594006E0D7A /* uk */,
			);
			name = InfoPlist.strings;
			sourceTree = "<group>";
		};
		4AC21720199C087B006E0D7A /* Localizable.strings */ = {
			isa = PBXVariantGroup;
			children = (
				4AC2171F199C087B006E0D7A /* en */,
				4AC21721199C087D006E0D7A /* ru */,
				4AC21722199C087D006E0D7A /* uk */,
			);
			name = Localizable.strings;
			sourceTree = "<group>";
		};
/* End PBXVariantGroup section */

/* Begin XCBuildConfiguration section */
		4A3F75681986E1C800DDA3B1 /* Debug */ = {
			isa = XCBuildConfiguration;
			buildSettings = {
				ALWAYS_SEARCH_USER_PATHS = NO;
				CLANG_CXX_LANGUAGE_STANDARD = "gnu++0x";
				CLANG_CXX_LIBRARY = "libc++";
				CLANG_ENABLE_MODULES = YES;
				CLANG_ENABLE_OBJC_ARC = YES;
				CLANG_WARN_BOOL_CONVERSION = YES;
				CLANG_WARN_CONSTANT_CONVERSION = YES;
				CLANG_WARN_DIRECT_OBJC_ISA_USAGE = YES_ERROR;
				CLANG_WARN_EMPTY_BODY = YES;
				CLANG_WARN_ENUM_CONVERSION = YES;
				CLANG_WARN_INT_CONVERSION = YES;
				CLANG_WARN_OBJC_ROOT_CLASS = YES_ERROR;
				CLANG_WARN__DUPLICATE_METHOD_MATCH = YES;
				"CODE_SIGN_IDENTITY[sdk=iphoneos*]" = "iPhone Developer";
				COPY_PHASE_STRIP = NO;
				GCC_C_LANGUAGE_STANDARD = gnu99;
				GCC_DYNAMIC_NO_PIC = NO;
				GCC_OPTIMIZATION_LEVEL = 0;
				GCC_PREPROCESSOR_DEFINITIONS = (
					"DEBUG=1",
					"$(inherited)",
				);
				GCC_SYMBOLS_PRIVATE_EXTERN = NO;
				GCC_WARN_64_TO_32_BIT_CONVERSION = YES;
				GCC_WARN_ABOUT_RETURN_TYPE = YES_ERROR;
				GCC_WARN_UNDECLARED_SELECTOR = YES;
				GCC_WARN_UNINITIALIZED_AUTOS = YES_AGGRESSIVE;
				GCC_WARN_UNUSED_FUNCTION = YES;
				GCC_WARN_UNUSED_VARIABLE = YES;
				IPHONEOS_DEPLOYMENT_TARGET = 7.0;
				ONLY_ACTIVE_ARCH = YES;
				SDKROOT = iphoneos;
			};
			name = Debug;
		};
		4A3F75691986E1C800DDA3B1 /* Release */ = {
			isa = XCBuildConfiguration;
			buildSettings = {
				ALWAYS_SEARCH_USER_PATHS = NO;
				CLANG_CXX_LANGUAGE_STANDARD = "gnu++0x";
				CLANG_CXX_LIBRARY = "libc++";
				CLANG_ENABLE_MODULES = YES;
				CLANG_ENABLE_OBJC_ARC = YES;
				CLANG_WARN_BOOL_CONVERSION = YES;
				CLANG_WARN_CONSTANT_CONVERSION = YES;
				CLANG_WARN_DIRECT_OBJC_ISA_USAGE = YES_ERROR;
				CLANG_WARN_EMPTY_BODY = YES;
				CLANG_WARN_ENUM_CONVERSION = YES;
				CLANG_WARN_INT_CONVERSION = YES;
				CLANG_WARN_OBJC_ROOT_CLASS = YES_ERROR;
				CLANG_WARN__DUPLICATE_METHOD_MATCH = YES;
				CODE_SIGN_IDENTITY = "iPhone Distribution";
				"CODE_SIGN_IDENTITY[sdk=iphoneos*]" = "iPhone Developer";
				COPY_PHASE_STRIP = YES;
				ENABLE_NS_ASSERTIONS = NO;
				GCC_C_LANGUAGE_STANDARD = gnu99;
				GCC_WARN_64_TO_32_BIT_CONVERSION = YES;
				GCC_WARN_ABOUT_RETURN_TYPE = YES_ERROR;
				GCC_WARN_UNDECLARED_SELECTOR = YES;
				GCC_WARN_UNINITIALIZED_AUTOS = YES_AGGRESSIVE;
				GCC_WARN_UNUSED_FUNCTION = YES;
				GCC_WARN_UNUSED_VARIABLE = YES;
				IPHONEOS_DEPLOYMENT_TARGET = 7.0;
				SDKROOT = iphoneos;
				VALIDATE_PRODUCT = YES;
			};
			name = Release;
		};
		4A3F756B1986E1C800DDA3B1 /* Debug */ = {
			isa = XCBuildConfiguration;
			baseConfigurationReference = 2C40684275874A4AB0F23F82 /* Pods-fortfitness.xcconfig */;
			buildSettings = {
				ASSETCATALOG_COMPILER_APPICON_NAME = AppIcon;
				ASSETCATALOG_COMPILER_LAUNCHIMAGE_NAME = LaunchImage;
				CODE_SIGN_IDENTITY = "iPhone Distribution: Ignite Ltd (BE4464H94U)";
				"CODE_SIGN_IDENTITY[sdk=iphoneos*]" = "iPhone Developer";
				GCC_PRECOMPILE_PREFIX_HEADER = YES;
				GCC_PREFIX_HEADER = "ffitness/fortfitness-Prefix.pch";
				INFOPLIST_FILE = "ffitness/fortfitness-Info.plist";
				PRODUCT_NAME = fortfitness;
				PROVISIONING_PROFILE = "";
				SDKROOT = iphoneos;
				WRAPPER_EXTENSION = app;
			};
			name = Debug;
		};
		4A3F756C1986E1C800DDA3B1 /* Release */ = {
			isa = XCBuildConfiguration;
			baseConfigurationReference = 2C40684275874A4AB0F23F82 /* Pods-fortfitness.xcconfig */;
			buildSettings = {
				ASSETCATALOG_COMPILER_APPICON_NAME = AppIcon;
				ASSETCATALOG_COMPILER_LAUNCHIMAGE_NAME = LaunchImage;
				CODE_SIGN_IDENTITY = "iPhone Distribution: Ignite Ltd (BE4464H94U)";
				"CODE_SIGN_IDENTITY[sdk=iphoneos*]" = "iPhone Distribution: Ignite Ltd (BE4464H94U)";
				GCC_PRECOMPILE_PREFIX_HEADER = YES;
				GCC_PREFIX_HEADER = "ffitness/fortfitness-Prefix.pch";
				INFOPLIST_FILE = "ffitness/fortfitness-Info.plist";
				PRODUCT_NAME = fortfitness;
				PROVISIONING_PROFILE = "4dce0fda-323a-4751-bf60-b4d0c05b812e";
				SDKROOT = iphoneos;
				WRAPPER_EXTENSION = app;
			};
			name = Release;
		};
		4A3F756E1986E1C800DDA3B1 /* Debug */ = {
			isa = XCBuildConfiguration;
			buildSettings = {
				BUNDLE_LOADER = "$(BUILT_PRODUCTS_DIR)/ffitness.app/ffitness";
				FRAMEWORK_SEARCH_PATHS = (
					"$(SDKROOT)/Developer/Library/Frameworks",
					"$(inherited)",
					"$(DEVELOPER_FRAMEWORKS_DIR)",
				);
				GCC_PRECOMPILE_PREFIX_HEADER = YES;
				GCC_PREFIX_HEADER = "ffitness/ffitness-Prefix.pch";
				GCC_PREPROCESSOR_DEFINITIONS = (
					"DEBUG=1",
					"$(inherited)",
				);
				INFOPLIST_FILE = "ffitnessTests/fortfitnessTests-Info.plist";
				PRODUCT_NAME = fortfitnessTests;
				TEST_HOST = "$(BUNDLE_LOADER)";
				WRAPPER_EXTENSION = xctest;
			};
			name = Debug;
		};
		4A3F756F1986E1C800DDA3B1 /* Release */ = {
			isa = XCBuildConfiguration;
			buildSettings = {
				BUNDLE_LOADER = "$(BUILT_PRODUCTS_DIR)/ffitness.app/ffitness";
				FRAMEWORK_SEARCH_PATHS = (
					"$(SDKROOT)/Developer/Library/Frameworks",
					"$(inherited)",
					"$(DEVELOPER_FRAMEWORKS_DIR)",
				);
				GCC_PRECOMPILE_PREFIX_HEADER = YES;
				GCC_PREFIX_HEADER = "ffitness/ffitness-Prefix.pch";
				INFOPLIST_FILE = "ffitnessTests/fortfitnessTests-Info.plist";
				PRODUCT_NAME = fortfitnessTests;
				TEST_HOST = "$(BUNDLE_LOADER)";
				WRAPPER_EXTENSION = xctest;
			};
			name = Release;
		};
		4A7D760119B2103A00132675 /* AdHoc */ = {
			isa = XCBuildConfiguration;
			buildSettings = {
				ALWAYS_SEARCH_USER_PATHS = NO;
				CLANG_CXX_LANGUAGE_STANDARD = "gnu++0x";
				CLANG_CXX_LIBRARY = "libc++";
				CLANG_ENABLE_MODULES = YES;
				CLANG_ENABLE_OBJC_ARC = YES;
				CLANG_WARN_BOOL_CONVERSION = YES;
				CLANG_WARN_CONSTANT_CONVERSION = YES;
				CLANG_WARN_DIRECT_OBJC_ISA_USAGE = YES_ERROR;
				CLANG_WARN_EMPTY_BODY = YES;
				CLANG_WARN_ENUM_CONVERSION = YES;
				CLANG_WARN_INT_CONVERSION = YES;
				CLANG_WARN_OBJC_ROOT_CLASS = YES_ERROR;
				CLANG_WARN__DUPLICATE_METHOD_MATCH = YES;
				CODE_SIGN_IDENTITY = "iPhone Distribution";
				"CODE_SIGN_IDENTITY[sdk=iphoneos*]" = "iPhone Developer";
				COPY_PHASE_STRIP = YES;
				ENABLE_NS_ASSERTIONS = NO;
				GCC_C_LANGUAGE_STANDARD = gnu99;
				GCC_WARN_64_TO_32_BIT_CONVERSION = YES;
				GCC_WARN_ABOUT_RETURN_TYPE = YES_ERROR;
				GCC_WARN_UNDECLARED_SELECTOR = YES;
				GCC_WARN_UNINITIALIZED_AUTOS = YES_AGGRESSIVE;
				GCC_WARN_UNUSED_FUNCTION = YES;
				GCC_WARN_UNUSED_VARIABLE = YES;
				IPHONEOS_DEPLOYMENT_TARGET = 7.0;
				SDKROOT = iphoneos;
				VALIDATE_PRODUCT = YES;
			};
			name = AdHoc;
		};
		4A7D760219B2103A00132675 /* AdHoc */ = {
			isa = XCBuildConfiguration;
			baseConfigurationReference = 2C40684275874A4AB0F23F82 /* Pods-fortfitness.xcconfig */;
			buildSettings = {
				ASSETCATALOG_COMPILER_APPICON_NAME = AppIcon;
				ASSETCATALOG_COMPILER_LAUNCHIMAGE_NAME = LaunchImage;
				CODE_SIGN_IDENTITY = "iPhone Distribution: Ignite Ltd (BE4464H94U)";
				"CODE_SIGN_IDENTITY[sdk=iphoneos*]" = "iPhone Distribution: Ignite Ltd (BE4464H94U)";
				GCC_PRECOMPILE_PREFIX_HEADER = YES;
				GCC_PREFIX_HEADER = "ffitness/fortfitness-Prefix.pch";
				INFOPLIST_FILE = "ffitness/fortfitness-Info.plist";
				PRODUCT_NAME = fortfitness;
				PROVISIONING_PROFILE = "bd2577e0-19bd-4a47-9b1d-4ec9fad8bb36";
				SDKROOT = iphoneos;
				WRAPPER_EXTENSION = app;
			};
			name = AdHoc;
		};
		4A7D760319B2103A00132675 /* AdHoc */ = {
			isa = XCBuildConfiguration;
			buildSettings = {
				BUNDLE_LOADER = "$(BUILT_PRODUCTS_DIR)/ffitness.app/ffitness";
				FRAMEWORK_SEARCH_PATHS = (
					"$(SDKROOT)/Developer/Library/Frameworks",
					"$(inherited)",
					"$(DEVELOPER_FRAMEWORKS_DIR)",
				);
				GCC_PRECOMPILE_PREFIX_HEADER = YES;
				GCC_PREFIX_HEADER = "ffitness/ffitness-Prefix.pch";
				INFOPLIST_FILE = "ffitnessTests/fortfitnessTests-Info.plist";
				PRODUCT_NAME = fortfitnessTests;
				TEST_HOST = "$(BUNDLE_LOADER)";
				WRAPPER_EXTENSION = xctest;
			};
			name = AdHoc;
		};
/* End XCBuildConfiguration section */

/* Begin XCConfigurationList section */
		4A3F75331986E1C800DDA3B1 /* Build configuration list for PBXProject "fortfitness" */ = {
			isa = XCConfigurationList;
			buildConfigurations = (
				4A3F75681986E1C800DDA3B1 /* Debug */,
				4A3F75691986E1C800DDA3B1 /* Release */,
				4A7D760119B2103A00132675 /* AdHoc */,
			);
			defaultConfigurationIsVisible = 0;
			defaultConfigurationName = Release;
		};
		4A3F756A1986E1C800DDA3B1 /* Build configuration list for PBXNativeTarget "fortfitness" */ = {
			isa = XCConfigurationList;
			buildConfigurations = (
				4A3F756B1986E1C800DDA3B1 /* Debug */,
				4A3F756C1986E1C800DDA3B1 /* Release */,
				4A7D760219B2103A00132675 /* AdHoc */,
			);
			defaultConfigurationIsVisible = 0;
			defaultConfigurationName = Release;
		};
		4A3F756D1986E1C800DDA3B1 /* Build configuration list for PBXNativeTarget "fortfitnessTests" */ = {
			isa = XCConfigurationList;
			buildConfigurations = (
				4A3F756E1986E1C800DDA3B1 /* Debug */,
				4A3F756F1986E1C800DDA3B1 /* Release */,
				4A7D760319B2103A00132675 /* AdHoc */,
			);
			defaultConfigurationIsVisible = 0;
			defaultConfigurationName = Release;
		};
/* End XCConfigurationList section */
	};
	rootObject = 4A3F75301986E1C800DDA3B1 /* Project object */;
}
